<?xml version="1.0" encoding="utf-8"?>
<Project ToolsVersion="4.0" xmlns="http://schemas.microsoft.com/developer/msbuild/2003">
  <ItemGroup>
    <Filter Include="Pliki źródłowe">
      <UniqueIdentifier>{4FC737F1-C7A5-4376-A066-2A32D752A2FF}</UniqueIdentifier>
      <Extensions>cpp;c;cc;cxx;def;odl;idl;hpj;bat;asm;asmx</Extensions>
    </Filter>
    <Filter Include="Pliki nagłówkowe">
      <UniqueIdentifier>{93995380-89BD-4b04-88EB-625FBE52EBFB}</UniqueIdentifier>
      <Extensions>h;hh;hpp;hxx;hm;inl;inc;ipp;xsd</Extensions>
    </Filter>
    <Filter Include="Pliki zasobów">
      <UniqueIdentifier>{67DA6AB6-F800-4c08-8B7A-83BB121AAD01}</UniqueIdentifier>
      <Extensions>rc;ico;cur;bmp;dlg;rc2;rct;bin;rgs;gif;jpg;jpeg;jpe;resx;tiff;tif;png;wav;mfcribbon-ms</Extensions>
    </Filter>
    <Filter Include="External">
      <UniqueIdentifier>{33d2d105-90b5-421c-8f40-19589f5168a0}</UniqueIdentifier>
    </Filter>
    <Filter Include="External\sol2">
      <UniqueIdentifier>{d5f0d440-858e-4076-abfc-09c1b49c91e8}</UniqueIdentifier>
    </Filter>
    <Filter Include="External\LuaJIT">
      <UniqueIdentifier>{9591ba89-dc15-4d6e-9e9a-75f0975ee161}</UniqueIdentifier>
    </Filter>
    <Filter Include="External\capstone">
      <UniqueIdentifier>{5e359b34-257e-4fbb-8f0b-3cac09bacf68}</UniqueIdentifier>
    </Filter>
    <Filter Include="External\pe_bliss">
      <UniqueIdentifier>{064fed0d-0c34-4882-9f99-4eedbb36e183}</UniqueIdentifier>
    </Filter>
  </ItemGroup>
  <ItemGroup>
    <ClCompile Include="main.cpp">
      <Filter>Pliki źródłowe</Filter>
    </ClCompile>
    <ClCompile Include="lua_api.cpp">
      <Filter>Pliki źródłowe</Filter>
    </ClCompile>
    <ClCompile Include="capstone_api.cpp">
      <Filter>Pliki źródłowe</Filter>
    </ClCompile>
    <ClCompile Include="pe_api.cpp">
      <Filter>Pliki źródłowe</Filter>
    </ClCompile>
    <ClCompile Include="..\External\pe_lib\entropy.cpp">
      <Filter>External\pe_bliss</Filter>
    </ClCompile>
    <ClCompile Include="..\External\pe_lib\file_version_info.cpp">
      <Filter>External\pe_bliss</Filter>
    </ClCompile>
    <ClCompile Include="..\External\pe_lib\message_table.cpp">
      <Filter>External\pe_bliss</Filter>
    </ClCompile>
    <ClCompile Include="..\External\pe_lib\pe_base.cpp">
      <Filter>External\pe_bliss</Filter>
    </ClCompile>
    <ClCompile Include="..\External\pe_lib\pe_bound_import.cpp">
      <Filter>External\pe_bliss</Filter>
    </ClCompile>
    <ClCompile Include="..\External\pe_lib\pe_checksum.cpp">
      <Filter>External\pe_bliss</Filter>
    </ClCompile>
    <ClCompile Include="..\External\pe_lib\pe_debug.cpp">
      <Filter>External\pe_bliss</Filter>
    </ClCompile>
    <ClCompile Include="..\External\pe_lib\pe_directory.cpp">
      <Filter>External\pe_bliss</Filter>
    </ClCompile>
    <ClCompile Include="..\External\pe_lib\pe_dotnet.cpp">
      <Filter>External\pe_bliss</Filter>
    </ClCompile>
    <ClCompile Include="..\External\pe_lib\pe_exception.cpp">
      <Filter>External\pe_bliss</Filter>
    </ClCompile>
    <ClCompile Include="..\External\pe_lib\pe_exception_directory.cpp">
      <Filter>External\pe_bliss</Filter>
    </ClCompile>
    <ClCompile Include="..\External\pe_lib\pe_exports.cpp">
      <Filter>External\pe_bliss</Filter>
    </ClCompile>
    <ClCompile Include="..\External\pe_lib\pe_factory.cpp">
      <Filter>External\pe_bliss</Filter>
    </ClCompile>
    <ClCompile Include="..\External\pe_lib\pe_imports.cpp">
      <Filter>External\pe_bliss</Filter>
    </ClCompile>
    <ClCompile Include="..\External\pe_lib\pe_load_config.cpp">
      <Filter>External\pe_bliss</Filter>
    </ClCompile>
    <ClCompile Include="..\External\pe_lib\pe_properties.cpp">
      <Filter>External\pe_bliss</Filter>
    </ClCompile>
    <ClCompile Include="..\External\pe_lib\pe_properties_generic.cpp">
      <Filter>External\pe_bliss</Filter>
    </ClCompile>
    <ClCompile Include="..\External\pe_lib\pe_rebuilder.cpp">
      <Filter>External\pe_bliss</Filter>
    </ClCompile>
    <ClCompile Include="..\External\pe_lib\pe_relocations.cpp">
      <Filter>External\pe_bliss</Filter>
    </ClCompile>
    <ClCompile Include="..\External\pe_lib\pe_resource_manager.cpp">
      <Filter>External\pe_bliss</Filter>
    </ClCompile>
    <ClCompile Include="..\External\pe_lib\pe_resource_viewer.cpp">
      <Filter>External\pe_bliss</Filter>
    </ClCompile>
    <ClCompile Include="..\External\pe_lib\pe_resources.cpp">
      <Filter>External\pe_bliss</Filter>
    </ClCompile>
    <ClCompile Include="..\External\pe_lib\pe_rich_data.cpp">
      <Filter>External\pe_bliss</Filter>
    </ClCompile>
    <ClCompile Include="..\External\pe_lib\pe_section.cpp">
      <Filter>External\pe_bliss</Filter>
    </ClCompile>
    <ClCompile Include="..\External\pe_lib\pe_tls.cpp">
      <Filter>External\pe_bliss</Filter>
    </ClCompile>
    <ClCompile Include="..\External\pe_lib\resource_bitmap_reader.cpp">
      <Filter>External\pe_bliss</Filter>
    </ClCompile>
    <ClCompile Include="..\External\pe_lib\resource_bitmap_writer.cpp">
      <Filter>External\pe_bliss</Filter>
    </ClCompile>
    <ClCompile Include="..\External\pe_lib\resource_cursor_icon_reader.cpp">
      <Filter>External\pe_bliss</Filter>
    </ClCompile>
    <ClCompile Include="..\External\pe_lib\resource_cursor_icon_writer.cpp">
      <Filter>External\pe_bliss</Filter>
    </ClCompile>
    <ClCompile Include="..\External\pe_lib\resource_data_info.cpp">
      <Filter>External\pe_bliss</Filter>
    </ClCompile>
    <ClCompile Include="..\External\pe_lib\resource_message_list_reader.cpp">
      <Filter>External\pe_bliss</Filter>
    </ClCompile>
    <ClCompile Include="..\External\pe_lib\resource_string_table_reader.cpp">
      <Filter>External\pe_bliss</Filter>
    </ClCompile>
    <ClCompile Include="..\External\pe_lib\resource_version_info_reader.cpp">
      <Filter>External\pe_bliss</Filter>
    </ClCompile>
    <ClCompile Include="..\External\pe_lib\resource_version_info_writer.cpp">
      <Filter>External\pe_bliss</Filter>
    </ClCompile>
    <ClCompile Include="..\External\pe_lib\utils.cpp">
      <Filter>External\pe_bliss</Filter>
    </ClCompile>
    <ClCompile Include="..\External\pe_lib\version_info_editor.cpp">
      <Filter>External\pe_bliss</Filter>
    </ClCompile>
    <ClCompile Include="..\External\pe_lib\version_info_viewer.cpp">
      <Filter>External\pe_bliss</Filter>
    </ClCompile>
  </ItemGroup>
  <ItemGroup>
    <ClInclude Include="main.hpp">
      <Filter>Pliki nagłówkowe</Filter>
    </ClInclude>
    <ClInclude Include="..\External\sol2\sol.hpp">
      <Filter>External\sol2</Filter>
    </ClInclude>
    <ClInclude Include="..\External\LuaJIT-2.0.5\src\lauxlib.h">
      <Filter>External\LuaJIT</Filter>
    </ClInclude>
    <ClInclude Include="..\External\LuaJIT-2.0.5\src\lua.h">
      <Filter>External\LuaJIT</Filter>
    </ClInclude>
    <ClInclude Include="..\External\LuaJIT-2.0.5\src\lua.hpp">
      <Filter>External\LuaJIT</Filter>
    </ClInclude>
    <ClInclude Include="..\External\LuaJIT-2.0.5\src\luaconf.h">
      <Filter>External\LuaJIT</Filter>
    </ClInclude>
    <ClInclude Include="..\External\LuaJIT-2.0.5\src\luajit.h">
      <Filter>External\LuaJIT</Filter>
    </ClInclude>
    <ClInclude Include="..\External\LuaJIT-2.0.5\src\lualib.h">
      <Filter>External\LuaJIT</Filter>
    </ClInclude>
    <ClInclude Include="..\External\capstone\platform.h">
      <Filter>External\capstone</Filter>
    </ClInclude>
    <ClInclude Include="..\External\capstone\capstone\capstone.h">
      <Filter>External\capstone</Filter>
    </ClInclude>
    <ClInclude Include="..\External\capstone\capstone\x86.h">
      <Filter>External\capstone</Filter>
    </ClInclude>
    <ClInclude Include="lua_api.hpp">
      <Filter>Pliki nagłówkowe</Filter>
    </ClInclude>
    <ClInclude Include="capstone_api.hpp">
      <Filter>Pliki nagłówkowe</Filter>
    </ClInclude>
    <ClInclude Include="pe_api.hpp">
      <Filter>Pliki nagłówkowe</Filter>
    </ClInclude>
  </ItemGroup>
</Project>